
Microsoft Visual Studio Solution File, Format Version 12.00
# Visual Studio Version 17
VisualStudioVersion = 17.9.34728.123
MinimumVisualStudioVersion = 10.0.40219.1
Project("{FAE04EC0-301F-11D3-BF4B-00C04F79EFBC}") = "Solução", "Solução\Solução.csproj", "{F172207D-4082-4949-A3AB-878F4333AB3A}"
EndProject
Global
	GlobalSection(SolutionConfigurationPlatforms) = preSolution
		Debug|Any CPU = Debug|Any CPU
		Release|Any CPU = Release|Any CPU
	EndGlobalSection
	GlobalSection(ProjectConfigurationPlatforms) = postSolution
		{F172207D-4082-4949-A3AB-878F4333AB3A}.Debug|Any CPU.ActiveCfg = Debug|Any CPU
		{F172207D-4082-4949-A3AB-878F4333AB3A}.Debug|Any CPU.Build.0 = Debug|Any CPU
		{F172207D-4082-4949-A3AB-878F4333AB3A}.Release|Any CPU.ActiveCfg = Release|Any CPU
		{F172207D-4082-4949-A3AB-878F4333AB3A}.Release|Any CPU.Build.0 = Release|Any CPU
	EndGlobalSection
	GlobalSection(SolutionProperties) = preSolution
		HideSolutionNode = FALSE
	EndGlobalSection
	GlobalSection(ExtensibilityGlobals) = postSolution
		SolutionGuid = {AB1E3695-F6EB-4BD2-8589-9D072479CC5B}
	EndGlobalSection
EndGlobal
